
Microsoft Visual Studio Solution File, Format Version 12.00
# Visual Studio Version 17
VisualStudioVersion = 17.7.34202.233
MinimumVisualStudioVersion = 10.0.40219.1
Project("{FAE04EC0-301F-11D3-BF4B-00C04F79EFBC}") = "AutoNew26.10", "Auto\AutoNew26.10.csproj", "{097452CC-E3CD-431D-87EC-C99C6B218858}"
EndProject
Global
	GlobalSection(SolutionConfigurationPlatforms) = preSolution
		Debug|Any CPU = Debug|Any CPU
		Release|Any CPU = Release|Any CPU
	EndGlobalSection
	GlobalSection(ProjectConfigurationPlatforms) = postSolution
		{097452CC-E3CD-431D-87EC-C99C6B218858}.Debug|Any CPU.ActiveCfg = Debug|Any CPU
		{097452CC-E3CD-431D-87EC-C99C6B218858}.Debug|Any CPU.Build.0 = Debug|Any CPU
		{097452CC-E3CD-431D-87EC-C99C6B218858}.Release|Any CPU.ActiveCfg = Release|Any CPU
		{097452CC-E3CD-431D-87EC-C99C6B218858}.Release|Any CPU.Build.0 = Release|Any CPU
	EndGlobalSection
	GlobalSection(SolutionProperties) = preSolution
		HideSolutionNode = FALSE
	EndGlobalSection
	GlobalSection(ExtensibilityGlobals) = postSolution
		SolutionGuid = {024211E9-C126-400A-BC71-E593A51D7204}
	EndGlobalSection
EndGlobal
